
Microsoft Visual Studio Solution File, Format Version 12.00
# Visual Studio Version 17
VisualStudioVersion = 17.5.002.0
MinimumVisualStudioVersion = 10.0.40219.1
Project("{9A19103F-16F7-4668-BE54-9A1E7A4F7556}") = "quiz", "quiz\quiz.csproj", "{B946E905-251B-4387-968F-71B33AC201FB}"
EndProject
Global
	GlobalSection(SolutionConfigurationPlatforms) = preSolution
		Debug|Any CPU = Debug|Any CPU
		Release|Any CPU = Release|Any CPU
	EndGlobalSection
	GlobalSection(ProjectConfigurationPlatforms) = postSolution
		{B946E905-251B-4387-968F-71B33AC201FB}.Debug|Any CPU.ActiveCfg = Debug|Any CPU
		{B946E905-251B-4387-968F-71B33AC201FB}.Debug|Any CPU.Build.0 = Debug|Any CPU
		{B946E905-251B-4387-968F-71B33AC201FB}.Release|Any CPU.ActiveCfg = Release|Any CPU
		{B946E905-251B-4387-968F-71B33AC201FB}.Release|Any CPU.Build.0 = Release|Any CPU
	EndGlobalSection
	GlobalSection(SolutionProperties) = preSolution
		HideSolutionNode = FALSE
	EndGlobalSection
	GlobalSection(ExtensibilityGlobals) = postSolution
		SolutionGuid = {6A0BC3D8-CCD9-4EFE-82BF-BD3A24EFA42A}
	EndGlobalSection
EndGlobal
