
Microsoft Visual Studio Solution File, Format Version 12.00
# Visual Studio Version 17
VisualStudioVersion = 17.5.002.0
MinimumVisualStudioVersion = 10.0.40219.1
Project("{9A19103F-16F7-4668-BE54-9A1E7A4F7556}") = "rps", "rps.csproj", "{B6783E20-2E11-4006-A355-6E2FEEDD832D}"
EndProject
Global
	GlobalSection(SolutionConfigurationPlatforms) = preSolution
		Debug|Any CPU = Debug|Any CPU
		Release|Any CPU = Release|Any CPU
	EndGlobalSection
	GlobalSection(ProjectConfigurationPlatforms) = postSolution
		{B6783E20-2E11-4006-A355-6E2FEEDD832D}.Debug|Any CPU.ActiveCfg = Debug|Any CPU
		{B6783E20-2E11-4006-A355-6E2FEEDD832D}.Debug|Any CPU.Build.0 = Debug|Any CPU
		{B6783E20-2E11-4006-A355-6E2FEEDD832D}.Release|Any CPU.ActiveCfg = Release|Any CPU
		{B6783E20-2E11-4006-A355-6E2FEEDD832D}.Release|Any CPU.Build.0 = Release|Any CPU
	EndGlobalSection
	GlobalSection(SolutionProperties) = preSolution
		HideSolutionNode = FALSE
	EndGlobalSection
	GlobalSection(ExtensibilityGlobals) = postSolution
		SolutionGuid = {F2801044-D4C3-4483-861F-D4F4BDDB0B1E}
	EndGlobalSection
EndGlobal
